# This file was autogenerated by Stack.
# You should not edit this file by hand.
# For more information, please see the documentation at:
#   https://docs.haskellstack.org/en/stable/lock_files

packages:
- completed:
    hackage: mattermost-api-50200.10.0@sha256:581b6b89908e54df9951b1464c3458ee86dad40956c4705ae354719ba1ad9c5c,6820
    pantry-tree:
      size: 2143
      sha256: 3b0cff4b3c46d2800ab6de9751759310d5f8a0638c67029af1a0ee8150cc3d11
  original:
    hackage: mattermost-api-50200.10.0@sha256:581b6b89908e54df9951b1464c3458ee86dad40956c4705ae354719ba1ad9c5c,6820
- completed:
    hackage: pontarius-xmpp-0.5.6.4@sha256:66abd4fd4f8b5e9d48ed8ee0a105993ce7d36cde372d1ab8b4c515e7a3962831,7375
    pantry-tree:
      size: 3920
      sha256: 076102ff8280bae739ba81cff373df0436f495fcf63fc89135e578f32665e7ff
  original:
    hackage: pontarius-xmpp-0.5.6.4@sha256:66abd4fd4f8b5e9d48ed8ee0a105993ce7d36cde372d1ab8b4c515e7a3962831,7375
- completed:
    hackage: stringprep-1.0.0@sha256:7e364d4afd2b9c2b81775705ea03635e2dc58bfe396897641306a4d4ef4046b3,1189
    pantry-tree:
      size: 452
      sha256: fc37700d217767c33bc80145794e32519abb9759566df92bafa39befc9768b5c
  original:
    hackage: stringprep-1.0.0@sha256:7e364d4afd2b9c2b81775705ea03635e2dc58bfe396897641306a4d4ef4046b3,1189
snapshots:
- completed:
    size: 567672
    url: https://raw.githubusercontent.com/commercialhaskell/stackage-snapshots/master/lts/17/11.yaml
    sha256: 03181cdbeb671eb605bbcf6f285bea4d094b6ac7433a0e14a9f1dd54ad995938
  original: lts-17.11
